
Microsoft Visual Studio Solution File, Format Version 12.00
# Visual Studio Version 16
VisualStudioVersion = 16.0.30907.101
MinimumVisualStudioVersion = 10.0.40219.1
Project("{9A19103F-16F7-4668-BE54-9A1E7A4F7556}") = "PathTracer", "PathTracer\PathTracer.csproj", "{78D178DD-5C29-40D0-BA77-966A4D50C9F6}"
EndProject
Project("{9A19103F-16F7-4668-BE54-9A1E7A4F7556}") = "UnitTests", "UnitTests\UnitTests.csproj", "{7A446B56-939C-4318-B370-758385E6BA18}"
EndProject
Global
	GlobalSection(SolutionConfigurationPlatforms) = preSolution
		Debug|Any CPU = Debug|Any CPU
		Release|Any CPU = Release|Any CPU
	EndGlobalSection
	GlobalSection(ProjectConfigurationPlatforms) = postSolution
		{78D178DD-5C29-40D0-BA77-966A4D50C9F6}.Debug|Any CPU.ActiveCfg = Debug|Any CPU
		{78D178DD-5C29-40D0-BA77-966A4D50C9F6}.Debug|Any CPU.Build.0 = Debug|Any CPU
		{78D178DD-5C29-40D0-BA77-966A4D50C9F6}.Release|Any CPU.ActiveCfg = Release|Any CPU
		{78D178DD-5C29-40D0-BA77-966A4D50C9F6}.Release|Any CPU.Build.0 = Release|Any CPU
		{7A446B56-939C-4318-B370-758385E6BA18}.Debug|Any CPU.ActiveCfg = Debug|Any CPU
		{7A446B56-939C-4318-B370-758385E6BA18}.Debug|Any CPU.Build.0 = Debug|Any CPU
		{7A446B56-939C-4318-B370-758385E6BA18}.Release|Any CPU.ActiveCfg = Release|Any CPU
		{7A446B56-939C-4318-B370-758385E6BA18}.Release|Any CPU.Build.0 = Release|Any CPU
	EndGlobalSection
	GlobalSection(SolutionProperties) = preSolution
		HideSolutionNode = FALSE
	EndGlobalSection
	GlobalSection(ExtensibilityGlobals) = postSolution
		SolutionGuid = {98EF57B9-9127-4D42-8234-68DA271D4EA0}
	EndGlobalSection
EndGlobal
